
Microsoft Visual Studio Solution File, Format Version 12.00
# Visual Studio 2013
VisualStudioVersion = 12.0.21005.1
MinimumVisualStudioVersion = 10.0.40219.1
Project("{FAE04EC0-301F-11D3-BF4B-00C04F79EFBC}") = "FramNavgationDemo", "FramNavgationDemo\FramNavgationDemo.csproj", "{8C85DAC6-11EC-41F9-AEB1-B4E4DC9D4BCD}"
EndProject
Project("{FAE04EC0-301F-11D3-BF4B-00C04F79EFBC}") = "ControlLibs", "ControlLibs\ControlLibs.csproj", "{45F88DE0-140D-43F6-B6F7-3D258C15A414}"
EndProject
Global
	GlobalSection(SolutionConfigurationPlatforms) = preSolution
		Debug|Any CPU = Debug|Any CPU
		Release|Any CPU = Release|Any CPU
	EndGlobalSection
	GlobalSection(ProjectConfigurationPlatforms) = postSolution
		{8C85DAC6-11EC-41F9-AEB1-B4E4DC9D4BCD}.Debug|Any CPU.ActiveCfg = Debug|Any CPU
		{8C85DAC6-11EC-41F9-AEB1-B4E4DC9D4BCD}.Debug|Any CPU.Build.0 = Debug|Any CPU
		{8C85DAC6-11EC-41F9-AEB1-B4E4DC9D4BCD}.Release|Any CPU.ActiveCfg = Release|Any CPU
		{8C85DAC6-11EC-41F9-AEB1-B4E4DC9D4BCD}.Release|Any CPU.Build.0 = Release|Any CPU
		{45F88DE0-140D-43F6-B6F7-3D258C15A414}.Debug|Any CPU.ActiveCfg = Debug|Any CPU
		{45F88DE0-140D-43F6-B6F7-3D258C15A414}.Debug|Any CPU.Build.0 = Debug|Any CPU
		{45F88DE0-140D-43F6-B6F7-3D258C15A414}.Release|Any CPU.ActiveCfg = Release|Any CPU
		{45F88DE0-140D-43F6-B6F7-3D258C15A414}.Release|Any CPU.Build.0 = Release|Any CPU
	EndGlobalSection
	GlobalSection(SolutionProperties) = preSolution
		HideSolutionNode = FALSE
	EndGlobalSection
EndGlobal
